
Microsoft Visual Studio Solution File, Format Version 12.00
# Visual Studio 14
VisualStudioVersion = 14.0.24720.0
MinimumVisualStudioVersion = 10.0.40219.1
Project("{FAE04EC0-301F-11D3-BF4B-00C04F79EFBC}") = "ConsoleApplicationInheritance", "ConsoleApplicationInheritance\ConsoleApplicationInheritance.csproj", "{1477DCA6-014B-4054-80E4-B3EB65A12B14}"
EndProject
Global
	GlobalSection(SolutionConfigurationPlatforms) = preSolution
		Debug|Any CPU = Debug|Any CPU
		Release|Any CPU = Release|Any CPU
	EndGlobalSection
	GlobalSection(ProjectConfigurationPlatforms) = postSolution
		{1477DCA6-014B-4054-80E4-B3EB65A12B14}.Debug|Any CPU.ActiveCfg = Debug|Any CPU
		{1477DCA6-014B-4054-80E4-B3EB65A12B14}.Debug|Any CPU.Build.0 = Debug|Any CPU
		{1477DCA6-014B-4054-80E4-B3EB65A12B14}.Release|Any CPU.ActiveCfg = Release|Any CPU
		{1477DCA6-014B-4054-80E4-B3EB65A12B14}.Release|Any CPU.Build.0 = Release|Any CPU
	EndGlobalSection
	GlobalSection(SolutionProperties) = preSolution
		HideSolutionNode = FALSE
	EndGlobalSection
EndGlobal
